// !$*UTF8*$!
{
	archiveVersion = 1;
	classes = {
	};
	objectVersion = 51;
	objects = {

/* Begin PBXBuildFile section */
		321CC6502576451000F48FD3 /* WebSocketManager.swift in Sources */ = {isa = PBXBuildFile; fileRef = 321CC64F2576451000F48FD3 /* WebSocketManager.swift */; };
		322B646326968E2E00FDA10B /* JsonModel.swift in Sources */ = {isa = PBXBuildFile; fileRef = 322B646226968E2E00FDA10B /* JsonModel.swift */; };
		322B64F82698176800FDA10B /* JJObjectMapperViewController.swift in Sources */ = {isa = PBXBuildFile; fileRef = 322B64F72698176800FDA10B /* JJObjectMapperViewController.swift */; };
		325757492695B9070049177C /* JJJsonViewController.swift in Sources */ = {isa = PBXBuildFile; fileRef = 325757482695B9070049177C /* JJJsonViewController.swift */; };
		325757532695BED70049177C /* MBProgressHUD.m in Sources */ = {isa = PBXBuildFile; fileRef = 325757522695BED70049177C /* MBProgressHUD.m */; };
		325757552695D07E0049177C /* JJBaseToast.swift in Sources */ = {isa = PBXBuildFile; fileRef = 325757542695D07E0049177C /* JJBaseToast.swift */; };
		325757572695D0980049177C /* JJToast.swift in Sources */ = {isa = PBXBuildFile; fileRef = 325757562695D0980049177C /* JJToast.swift */; };
		325757592695D7C70049177C /* JJCustomView.swift in Sources */ = {isa = PBXBuildFile; fileRef = 325757582695D7C70049177C /* JJCustomView.swift */; };
		327FF0012689F24400BC3BC2 /* JJTableView.swift in Sources */ = {isa = PBXBuildFile; fileRef = 327FF0002689F24400BC3BC2 /* JJTableView.swift */; };
		327FF0032689F5A000BC3BC2 /* JJBaseViewController.swift in Sources */ = {isa = PBXBuildFile; fileRef = 327FF0022689F5A000BC3BC2 /* JJBaseViewController.swift */; };
		327FF0052689F61400BC3BC2 /* JJLetCodeViewController.swift in Sources */ = {isa = PBXBuildFile; fileRef = 327FF0042689F61400BC3BC2 /* JJLetCodeViewController.swift */; };
		327FF009268AAF0F00BC3BC2 /* JJBaseNavigationView.swift in Sources */ = {isa = PBXBuildFile; fileRef = 327FF008268AAF0F00BC3BC2 /* JJBaseNavigationView.swift */; };
		327FF00B268AB38C00BC3BC2 /* JJAppConfig.swift in Sources */ = {isa = PBXBuildFile; fileRef = 327FF00A268AB38C00BC3BC2 /* JJAppConfig.swift */; };
		327FF00F268AE3D300BC3BC2 /* JJNetWorkViewController.swift in Sources */ = {isa = PBXBuildFile; fileRef = 327FF00E268AE3D300BC3BC2 /* JJNetWorkViewController.swift */; };
		327FF011268AEE6200BC3BC2 /* API.swift in Sources */ = {isa = PBXBuildFile; fileRef = 327FF010268AEE6200BC3BC2 /* API.swift */; };
		327FF013268AEE7600BC3BC2 /* NetworkManager.swift in Sources */ = {isa = PBXBuildFile; fileRef = 327FF012268AEE7600BC3BC2 /* NetworkManager.swift */; };
		327FF015268AEE9100BC3BC2 /* MoyaConfig.swift in Sources */ = {isa = PBXBuildFile; fileRef = 327FF014268AEE9100BC3BC2 /* MoyaConfig.swift */; };
		327FF019268B1B2D00BC3BC2 /* JJNetworkManager.swift in Sources */ = {isa = PBXBuildFile; fileRef = 327FF018268B1B2D00BC3BC2 /* JJNetworkManager.swift */; };
		327FF01B268B4BC000BC3BC2 /* APILogin.swift in Sources */ = {isa = PBXBuildFile; fileRef = 327FF01A268B4BC000BC3BC2 /* APILogin.swift */; };
		327FF01D268B4BC900BC3BC2 /* APIUser.swift in Sources */ = {isa = PBXBuildFile; fileRef = 327FF01C268B4BC900BC3BC2 /* APIUser.swift */; };
		327FF01F268B4BD700BC3BC2 /* APIShops.swift in Sources */ = {isa = PBXBuildFile; fileRef = 327FF01E268B4BD700BC3BC2 /* APIShops.swift */; };
		32858D9C2692E8C800B9E8B3 /* JJTestViewController.swift in Sources */ = {isa = PBXBuildFile; fileRef = 32858D9B2692E8C800B9E8B3 /* JJTestViewController.swift */; };
		32FC6156265B555C00A99A1F /* JJTabBarController.swift in Sources */ = {isa = PBXBuildFile; fileRef = 32FC6155265B555C00A99A1F /* JJTabBarController.swift */; };
		32FC6158265B558100A99A1F /* JJNavigationController.swift in Sources */ = {isa = PBXBuildFile; fileRef = 32FC6157265B558100A99A1F /* JJNavigationController.swift */; };
		32FC615B265B559F00A99A1F /* JJHomeViewController.swift in Sources */ = {isa = PBXBuildFile; fileRef = 32FC615A265B559F00A99A1F /* JJHomeViewController.swift */; };
		32FC615E2666239000A99A1F /* JJMineViewController.swift in Sources */ = {isa = PBXBuildFile; fileRef = 32FC615D2666238F00A99A1F /* JJMineViewController.swift */; };
		618A054A830E9A58A9195033 /* Pods_SwiftTools.framework in Frameworks */ = {isa = PBXBuildFile; fileRef = 88EF2DE39FCDF4445F01C877 /* Pods_SwiftTools.framework */; };
		7D4F07D424FFEA0300AA0425 /* AppDelegate.swift in Sources */ = {isa = PBXBuildFile; fileRef = 7D4F07D324FFEA0300AA0425 /* AppDelegate.swift */; };
		7D4F07D824FFEA0300AA0425 /* ViewController.swift in Sources */ = {isa = PBXBuildFile; fileRef = 7D4F07D724FFEA0300AA0425 /* ViewController.swift */; };
		7D4F07DB24FFEA0300AA0425 /* Main.storyboard in Resources */ = {isa = PBXBuildFile; fileRef = 7D4F07D924FFEA0300AA0425 /* Main.storyboard */; };
		7D4F07DD24FFEA0500AA0425 /* Assets.xcassets in Resources */ = {isa = PBXBuildFile; fileRef = 7D4F07DC24FFEA0500AA0425 /* Assets.xcassets */; };
		7D4F07E024FFEA0500AA0425 /* LaunchScreen.storyboard in Resources */ = {isa = PBXBuildFile; fileRef = 7D4F07DE24FFEA0500AA0425 /* LaunchScreen.storyboard */; };
/* End PBXBuildFile section */

/* Begin PBXFileReference section */
		321CC64F2576451000F48FD3 /* WebSocketManager.swift */ = {isa = PBXFileReference; lastKnownFileType = sourcecode.swift; path = WebSocketManager.swift; sourceTree = "<group>"; };
		322B646226968E2E00FDA10B /* JsonModel.swift */ = {isa = PBXFileReference; lastKnownFileType = sourcecode.swift; path = JsonModel.swift; sourceTree = "<group>"; };
		322B64F72698176800FDA10B /* JJObjectMapperViewController.swift */ = {isa = PBXFileReference; lastKnownFileType = sourcecode.swift; path = JJObjectMapperViewController.swift; sourceTree = "<group>"; };
		325757482695B9070049177C /* JJJsonViewController.swift */ = {isa = PBXFileReference; lastKnownFileType = sourcecode.swift; path = JJJsonViewController.swift; sourceTree = "<group>"; };
		3257574B2695BE9A0049177C /* SwiftTools-Bridging-Header.h */ = {isa = PBXFileReference; lastKnownFileType = sourcecode.c.h; path = "SwiftTools-Bridging-Header.h"; sourceTree = "<group>"; };
		325757512695BED70049177C /* MBProgressHUD.h */ = {isa = PBXFileReference; fileEncoding = 4; lastKnownFileType = sourcecode.c.h; path = MBProgressHUD.h; sourceTree = "<group>"; };
		325757522695BED70049177C /* MBProgressHUD.m */ = {isa = PBXFileReference; fileEncoding = 4; lastKnownFileType = sourcecode.c.objc; path = MBProgressHUD.m; sourceTree = "<group>"; };
		325757542695D07E0049177C /* JJBaseToast.swift */ = {isa = PBXFileReference; lastKnownFileType = sourcecode.swift; path = JJBaseToast.swift; sourceTree = "<group>"; };
		325757562695D0980049177C /* JJToast.swift */ = {isa = PBXFileReference; lastKnownFileType = sourcecode.swift; path = JJToast.swift; sourceTree = "<group>"; };
		325757582695D7C70049177C /* JJCustomView.swift */ = {isa = PBXFileReference; lastKnownFileType = sourcecode.swift; path = JJCustomView.swift; sourceTree = "<group>"; };
		327FF0002689F24400BC3BC2 /* JJTableView.swift */ = {isa = PBXFileReference; lastKnownFileType = sourcecode.swift; path = JJTableView.swift; sourceTree = "<group>"; };
		327FF0022689F5A000BC3BC2 /* JJBaseViewController.swift */ = {isa = PBXFileReference; lastKnownFileType = sourcecode.swift; path = JJBaseViewController.swift; sourceTree = "<group>"; };
		327FF0042689F61400BC3BC2 /* JJLetCodeViewController.swift */ = {isa = PBXFileReference; lastKnownFileType = sourcecode.swift; path = JJLetCodeViewController.swift; sourceTree = "<group>"; };
		327FF008268AAF0F00BC3BC2 /* JJBaseNavigationView.swift */ = {isa = PBXFileReference; lastKnownFileType = sourcecode.swift; path = JJBaseNavigationView.swift; sourceTree = "<group>"; };
		327FF00A268AB38C00BC3BC2 /* JJAppConfig.swift */ = {isa = PBXFileReference; lastKnownFileType = sourcecode.swift; path = JJAppConfig.swift; sourceTree = "<group>"; };
		327FF00E268AE3D300BC3BC2 /* JJNetWorkViewController.swift */ = {isa = PBXFileReference; lastKnownFileType = sourcecode.swift; path = JJNetWorkViewController.swift; sourceTree = "<group>"; };
		327FF010268AEE6200BC3BC2 /* API.swift */ = {isa = PBXFileReference; lastKnownFileType = sourcecode.swift; path = API.swift; sourceTree = "<group>"; };
		327FF012268AEE7600BC3BC2 /* NetworkManager.swift */ = {isa = PBXFileReference; lastKnownFileType = sourcecode.swift; path = NetworkManager.swift; sourceTree = "<group>"; };
		327FF014268AEE9100BC3BC2 /* MoyaConfig.swift */ = {isa = PBXFileReference; lastKnownFileType = sourcecode.swift; path = MoyaConfig.swift; sourceTree = "<group>"; };
		327FF018268B1B2D00BC3BC2 /* JJNetworkManager.swift */ = {isa = PBXFileReference; lastKnownFileType = sourcecode.swift; path = JJNetworkManager.swift; sourceTree = "<group>"; };
		327FF01A268B4BC000BC3BC2 /* APILogin.swift */ = {isa = PBXFileReference; lastKnownFileType = sourcecode.swift; path = APILogin.swift; sourceTree = "<group>"; };
		327FF01C268B4BC900BC3BC2 /* APIUser.swift */ = {isa = PBXFileReference; lastKnownFileType = sourcecode.swift; path = APIUser.swift; sourceTree = "<group>"; };
		327FF01E268B4BD700BC3BC2 /* APIShops.swift */ = {isa = PBXFileReference; lastKnownFileType = sourcecode.swift; path = APIShops.swift; sourceTree = "<group>"; };
		32858D9B2692E8C800B9E8B3 /* JJTestViewController.swift */ = {isa = PBXFileReference; lastKnownFileType = sourcecode.swift; path = JJTestViewController.swift; sourceTree = "<group>"; };
		32FC6155265B555C00A99A1F /* JJTabBarController.swift */ = {isa = PBXFileReference; lastKnownFileType = sourcecode.swift; path = JJTabBarController.swift; sourceTree = "<group>"; };
		32FC6157265B558100A99A1F /* JJNavigationController.swift */ = {isa = PBXFileReference; lastKnownFileType = sourcecode.swift; path = JJNavigationController.swift; sourceTree = "<group>"; };
		32FC615A265B559F00A99A1F /* JJHomeViewController.swift */ = {isa = PBXFileReference; lastKnownFileType = sourcecode.swift; path = JJHomeViewController.swift; sourceTree = "<group>"; };
		32FC615D2666238F00A99A1F /* JJMineViewController.swift */ = {isa = PBXFileReference; lastKnownFileType = sourcecode.swift; path = JJMineViewController.swift; sourceTree = "<group>"; };
		7D4F07D024FFEA0300AA0425 /* SwiftTools.app */ = {isa = PBXFileReference; explicitFileType = wrapper.application; includeInIndex = 0; path = SwiftTools.app; sourceTree = BUILT_PRODUCTS_DIR; };
		7D4F07D324FFEA0300AA0425 /* AppDelegate.swift */ = {isa = PBXFileReference; lastKnownFileType = sourcecode.swift; path = AppDelegate.swift; sourceTree = "<group>"; };
		7D4F07D724FFEA0300AA0425 /* ViewController.swift */ = {isa = PBXFileReference; lastKnownFileType = sourcecode.swift; path = ViewController.swift; sourceTree = "<group>"; };
		7D4F07DA24FFEA0300AA0425 /* Base */ = {isa = PBXFileReference; lastKnownFileType = file.storyboard; name = Base; path = Base.lproj/Main.storyboard; sourceTree = "<group>"; };
		7D4F07DC24FFEA0500AA0425 /* Assets.xcassets */ = {isa = PBXFileReference; lastKnownFileType = folder.assetcatalog; path = Assets.xcassets; sourceTree = "<group>"; };
		7D4F07DF24FFEA0500AA0425 /* Base */ = {isa = PBXFileReference; lastKnownFileType = file.storyboard; name = Base; path = Base.lproj/LaunchScreen.storyboard; sourceTree = "<group>"; };
		7D4F07E124FFEA0500AA0425 /* Info.plist */ = {isa = PBXFileReference; lastKnownFileType = text.plist.xml; path = Info.plist; sourceTree = "<group>"; };
		88EF2DE39FCDF4445F01C877 /* Pods_SwiftTools.framework */ = {isa = PBXFileReference; explicitFileType = wrapper.framework; includeInIndex = 0; path = Pods_SwiftTools.framework; sourceTree = BUILT_PRODUCTS_DIR; };
		AB016B9BFA4577A5D6077C50 /* Pods-SwiftTools.release.xcconfig */ = {isa = PBXFileReference; includeInIndex = 1; lastKnownFileType = text.xcconfig; name = "Pods-SwiftTools.release.xcconfig"; path = "Target Support Files/Pods-SwiftTools/Pods-SwiftTools.release.xcconfig"; sourceTree = "<group>"; };
		C52F5E1B2E4934EF3E0FC225 /* Pods-SwiftTools.debug.xcconfig */ = {isa = PBXFileReference; includeInIndex = 1; lastKnownFileType = text.xcconfig; name = "Pods-SwiftTools.debug.xcconfig"; path = "Target Support Files/Pods-SwiftTools/Pods-SwiftTools.debug.xcconfig"; sourceTree = "<group>"; };
/* End PBXFileReference section */

/* Begin PBXFrameworksBuildPhase section */
		7D4F07CD24FFEA0300AA0425 /* Frameworks */ = {
			isa = PBXFrameworksBuildPhase;
			buildActionMask = 2147483647;
			files = (
				618A054A830E9A58A9195033 /* Pods_SwiftTools.framework in Frameworks */,
			);
			runOnlyForDeploymentPostprocessing = 0;
		};
/* End PBXFrameworksBuildPhase section */

/* Begin PBXGroup section */
		322B64F62698172900FDA10B /* ObjectMapper */ = {
			isa = PBXGroup;
			children = (
				322B64F72698176800FDA10B /* JJObjectMapperViewController.swift */,
			);
			path = ObjectMapper;
			sourceTree = "<group>";
		};
		325757472695B8E10049177C /* json处理 */ = {
			isa = PBXGroup;
			children = (
				325757482695B9070049177C /* JJJsonViewController.swift */,
				322B646226968E2E00FDA10B /* JsonModel.swift */,
			);
			path = "json处理";
			sourceTree = "<group>";
		};
		3257574A2695BDA00049177C /* JJToast */ = {
			isa = PBXGroup;
			children = (
				325757542695D07E0049177C /* JJBaseToast.swift */,
				325757562695D0980049177C /* JJToast.swift */,
				325757582695D7C70049177C /* JJCustomView.swift */,
			);
			path = JJToast;
			sourceTree = "<group>";
		};
		325757502695BEC00049177C /* MBProgressHUD */ = {
			isa = PBXGroup;
			children = (
				325757512695BED70049177C /* MBProgressHUD.h */,
				325757522695BED70049177C /* MBProgressHUD.m */,
			);
			path = MBProgressHUD;
			sourceTree = "<group>";
		};
		327FEFFE2689F21300BC3BC2 /* Common */ = {
			isa = PBXGroup;
			children = (
				3257574A2695BDA00049177C /* JJToast */,
				327FEFFF2689F21C00BC3BC2 /* Base */,
			);
			path = Common;
			sourceTree = "<group>";
		};
		327FEFFF2689F21C00BC3BC2 /* Base */ = {
			isa = PBXGroup;
			children = (
				327FF0002689F24400BC3BC2 /* JJTableView.swift */,
				327FF0022689F5A000BC3BC2 /* JJBaseViewController.swift */,
			);
			path = Base;
			sourceTree = "<group>";
		};
		327FF006268AAEE500BC3BC2 /* More */ = {
			isa = PBXGroup;
			children = (
				322B64F62698172900FDA10B /* ObjectMapper */,
				325757472695B8E10049177C /* json处理 */,
				327FF00D268AE3AB00BC3BC2 /* 网络请求 */,
				327FF00C268AE39900BC3BC2 /* 力扣算法 */,
				327FF007268AAEED00BC3BC2 /* 自定义导航栏 */,
			);
			path = More;
			sourceTree = "<group>";
		};
		327FF007268AAEED00BC3BC2 /* 自定义导航栏 */ = {
			isa = PBXGroup;
			children = (
				327FF008268AAF0F00BC3BC2 /* JJBaseNavigationView.swift */,
			);
			path = "自定义导航栏";
			sourceTree = "<group>";
		};
		327FF00C268AE39900BC3BC2 /* 力扣算法 */ = {
			isa = PBXGroup;
			children = (
				327FF0042689F61400BC3BC2 /* JJLetCodeViewController.swift */,
			);
			path = "力扣算法";
			sourceTree = "<group>";
		};
		327FF00D268AE3AB00BC3BC2 /* 网络请求 */ = {
			isa = PBXGroup;
			children = (
				327FF00E268AE3D300BC3BC2 /* JJNetWorkViewController.swift */,
				327FF017268B1B0F00BC3BC2 /* Routers */,
				327FF016268AEEDE00BC3BC2 /* Router */,
			);
			path = "网络请求";
			sourceTree = "<group>";
		};
		327FF016268AEEDE00BC3BC2 /* Router */ = {
			isa = PBXGroup;
			children = (
				327FF010268AEE6200BC3BC2 /* API.swift */,
				327FF012268AEE7600BC3BC2 /* NetworkManager.swift */,
				327FF014268AEE9100BC3BC2 /* MoyaConfig.swift */,
			);
			path = Router;
			sourceTree = "<group>";
		};
		327FF017268B1B0F00BC3BC2 /* Routers */ = {
			isa = PBXGroup;
			children = (
				327FF018268B1B2D00BC3BC2 /* JJNetworkManager.swift */,
				327FF01A268B4BC000BC3BC2 /* APILogin.swift */,
				327FF01C268B4BC900BC3BC2 /* APIUser.swift */,
				327FF01E268B4BD700BC3BC2 /* APIShops.swift */,
			);
			path = Routers;
			sourceTree = "<group>";
		};
		32FC6154265B54C700A99A1F /* Main */ = {
			isa = PBXGroup;
			children = (
				32FC6155265B555C00A99A1F /* JJTabBarController.swift */,
				32FC6157265B558100A99A1F /* JJNavigationController.swift */,
			);
			path = Main;
			sourceTree = "<group>";
		};
		32FC6159265B558B00A99A1F /* Home */ = {
			isa = PBXGroup;
			children = (
				32FC615A265B559F00A99A1F /* JJHomeViewController.swift */,
				32858D9B2692E8C800B9E8B3 /* JJTestViewController.swift */,
			);
			path = Home;
			sourceTree = "<group>";
		};
		32FC615C2666237B00A99A1F /* Mine */ = {
			isa = PBXGroup;
			children = (
				32FC615D2666238F00A99A1F /* JJMineViewController.swift */,
			);
			path = Mine;
			sourceTree = "<group>";
		};
		7D4F07C724FFEA0300AA0425 = {
			isa = PBXGroup;
			children = (
				7D4F07D224FFEA0300AA0425 /* SwiftTools */,
				7D4F07D124FFEA0300AA0425 /* Products */,
				D3F35028B484E2FABD81B1B4 /* Pods */,
				8921234598B2803F57635CD9 /* Frameworks */,
			);
			sourceTree = "<group>";
		};
		7D4F07D124FFEA0300AA0425 /* Products */ = {
			isa = PBXGroup;
			children = (
				7D4F07D024FFEA0300AA0425 /* SwiftTools.app */,
			);
			name = Products;
			sourceTree = "<group>";
		};
		7D4F07D224FFEA0300AA0425 /* SwiftTools */ = {
			isa = PBXGroup;
			children = (
				7D4F07D324FFEA0300AA0425 /* AppDelegate.swift */,
				7D4F07D724FFEA0300AA0425 /* ViewController.swift */,
				327FF00A268AB38C00BC3BC2 /* JJAppConfig.swift */,
				7D4F090B24FFF6BD00AA0425 /* Class */,
				7D4F090D24FFF6D500AA0425 /* Third */,
				7D4F090C24FFF6C900AA0425 /* Public */,
				7D4F07D924FFEA0300AA0425 /* Main.storyboard */,
				7D4F07DC24FFEA0500AA0425 /* Assets.xcassets */,
				7D4F07DE24FFEA0500AA0425 /* LaunchScreen.storyboard */,
				7D4F07E124FFEA0500AA0425 /* Info.plist */,
				3257574B2695BE9A0049177C /* SwiftTools-Bridging-Header.h */,
			);
			path = SwiftTools;
			sourceTree = "<group>";
		};
		7D4F090B24FFF6BD00AA0425 /* Class */ = {
			isa = PBXGroup;
			children = (
				32FC6159265B558B00A99A1F /* Home */,
				32FC615C2666237B00A99A1F /* Mine */,
				32FC6154265B54C700A99A1F /* Main */,
				321CC64F2576451000F48FD3 /* WebSocketManager.swift */,
				327FF006268AAEE500BC3BC2 /* More */,
			);
			path = Class;
			sourceTree = "<group>";
		};
		7D4F090C24FFF6C900AA0425 /* Public */ = {
			isa = PBXGroup;
			children = (
				327FEFFE2689F21300BC3BC2 /* Common */,
				7D4F090E24FFF6E300AA0425 /* Catgrory */,
			);
			path = Public;
			sourceTree = "<group>";
		};
		7D4F090D24FFF6D500AA0425 /* Third */ = {
			isa = PBXGroup;
			children = (
				325757502695BEC00049177C /* MBProgressHUD */,
			);
			path = Third;
			sourceTree = "<group>";
		};
		7D4F090E24FFF6E300AA0425 /* Catgrory */ = {
			isa = PBXGroup;
			children = (
			);
			path = Catgrory;
			sourceTree = "<group>";
		};
		8921234598B2803F57635CD9 /* Frameworks */ = {
			isa = PBXGroup;
			children = (
				88EF2DE39FCDF4445F01C877 /* Pods_SwiftTools.framework */,
			);
			name = Frameworks;
			sourceTree = "<group>";
		};
		D3F35028B484E2FABD81B1B4 /* Pods */ = {
			isa = PBXGroup;
			children = (
				C52F5E1B2E4934EF3E0FC225 /* Pods-SwiftTools.debug.xcconfig */,
				AB016B9BFA4577A5D6077C50 /* Pods-SwiftTools.release.xcconfig */,
			);
			path = Pods;
			sourceTree = "<group>";
		};
/* End PBXGroup section */

/* Begin PBXNativeTarget section */
		7D4F07CF24FFEA0300AA0425 /* SwiftTools */ = {
			isa = PBXNativeTarget;
			buildConfigurationList = 7D4F07E424FFEA0500AA0425 /* Build configuration list for PBXNativeTarget "SwiftTools" */;
			buildPhases = (
				76B46C64167EB156796DB38D /* [CP] Check Pods Manifest.lock */,
				7D4F07CC24FFEA0300AA0425 /* Sources */,
				7D4F07CD24FFEA0300AA0425 /* Frameworks */,
				7D4F07CE24FFEA0300AA0425 /* Resources */,
				3C908DE94D878F1FC4F3455F /* [CP] Embed Pods Frameworks */,
			);
			buildRules = (
			);
			dependencies = (
			);
			name = SwiftTools;
			productName = SwiftTools;
			productReference = 7D4F07D024FFEA0300AA0425 /* SwiftTools.app */;
			productType = "com.apple.product-type.application";
		};
/* End PBXNativeTarget section */

/* Begin PBXProject section */
		7D4F07C824FFEA0300AA0425 /* Project object */ = {
			isa = PBXProject;
			attributes = {
				LastSwiftUpdateCheck = 1160;
				LastUpgradeCheck = 1160;
				ORGANIZATIONNAME = xuanhe;
				TargetAttributes = {
					7D4F07CF24FFEA0300AA0425 = {
						CreatedOnToolsVersion = 11.6;
						LastSwiftMigration = 1250;
					};
				};
			};
			buildConfigurationList = 7D4F07CB24FFEA0300AA0425 /* Build configuration list for PBXProject "SwiftTools" */;
			compatibilityVersion = "Xcode 9.3";
			developmentRegion = en;
			hasScannedForEncodings = 0;
			knownRegions = (
				en,
				Base,
			);
			mainGroup = 7D4F07C724FFEA0300AA0425;
			productRefGroup = 7D4F07D124FFEA0300AA0425 /* Products */;
			projectDirPath = "";
			projectRoot = "";
			targets = (
				7D4F07CF24FFEA0300AA0425 /* SwiftTools */,
			);
		};
/* End PBXProject section */

/* Begin PBXResourcesBuildPhase section */
		7D4F07CE24FFEA0300AA0425 /* Resources */ = {
			isa = PBXResourcesBuildPhase;
			buildActionMask = 2147483647;
			files = (
				7D4F07E024FFEA0500AA0425 /* LaunchScreen.storyboard in Resources */,
				7D4F07DD24FFEA0500AA0425 /* Assets.xcassets in Resources */,
				7D4F07DB24FFEA0300AA0425 /* Main.storyboard in Resources */,
			);
			runOnlyForDeploymentPostprocessing = 0;
		};
/* End PBXResourcesBuildPhase section */

/* Begin PBXShellScriptBuildPhase section */
		3C908DE94D878F1FC4F3455F /* [CP] Embed Pods Frameworks */ = {
			isa = PBXShellScriptBuildPhase;
			buildActionMask = 2147483647;
			files = (
			);
			inputFileListPaths = (
				"${PODS_ROOT}/Target Support Files/Pods-SwiftTools/Pods-SwiftTools-frameworks-${CONFIGURATION}-input-files.xcfilelist",
			);
			name = "[CP] Embed Pods Frameworks";
			outputFileListPaths = (
				"${PODS_ROOT}/Target Support Files/Pods-SwiftTools/Pods-SwiftTools-frameworks-${CONFIGURATION}-output-files.xcfilelist",
			);
			runOnlyForDeploymentPostprocessing = 0;
			shellPath = /bin/sh;
			shellScript = "\"${PODS_ROOT}/Target Support Files/Pods-SwiftTools/Pods-SwiftTools-frameworks.sh\"\n";
			showEnvVarsInLog = 0;
		};
		76B46C64167EB156796DB38D /* [CP] Check Pods Manifest.lock */ = {
			isa = PBXShellScriptBuildPhase;
			buildActionMask = 2147483647;
			files = (
			);
			inputFileListPaths = (
			);
			inputPaths = (
				"${PODS_PODFILE_DIR_PATH}/Podfile.lock",
				"${PODS_ROOT}/Manifest.lock",
			);
			name = "[CP] Check Pods Manifest.lock";
			outputFileListPaths = (
			);
			outputPaths = (
				"$(DERIVED_FILE_DIR)/Pods-SwiftTools-checkManifestLockResult.txt",
			);
			runOnlyForDeploymentPostprocessing = 0;
			shellPath = /bin/sh;
			shellScript = "diff \"${PODS_PODFILE_DIR_PATH}/Podfile.lock\" \"${PODS_ROOT}/Manifest.lock\" > /dev/null\nif [ $? != 0 ] ; then\n    # print error to STDERR\n    echo \"error: The sandbox is not in sync with the Podfile.lock. Run 'pod install' or update your CocoaPods installation.\" >&2\n    exit 1\nfi\n# This output is used by Xcode 'outputs' to avoid re-running this script phase.\necho \"SUCCESS\" > \"${SCRIPT_OUTPUT_FILE_0}\"\n";
			showEnvVarsInLog = 0;
		};
/* End PBXShellScriptBuildPhase section */

/* Begin PBXSourcesBuildPhase section */
		7D4F07CC24FFEA0300AA0425 /* Sources */ = {
			isa = PBXSourcesBuildPhase;
			buildActionMask = 2147483647;
			files = (
				327FF00F268AE3D300BC3BC2 /* JJNetWorkViewController.swift in Sources */,
				325757592695D7C70049177C /* JJCustomView.swift in Sources */,
				7D4F07D824FFEA0300AA0425 /* ViewController.swift in Sources */,
				325757532695BED70049177C /* MBProgressHUD.m in Sources */,
				327FF019268B1B2D00BC3BC2 /* JJNetworkManager.swift in Sources */,
				7D4F07D424FFEA0300AA0425 /* AppDelegate.swift in Sources */,
				321CC6502576451000F48FD3 /* WebSocketManager.swift in Sources */,
				325757552695D07E0049177C /* JJBaseToast.swift in Sources */,
				327FF0012689F24400BC3BC2 /* JJTableView.swift in Sources */,
				32858D9C2692E8C800B9E8B3 /* JJTestViewController.swift in Sources */,
				325757572695D0980049177C /* JJToast.swift in Sources */,
				327FF01B268B4BC000BC3BC2 /* APILogin.swift in Sources */,
				322B646326968E2E00FDA10B /* JsonModel.swift in Sources */,
				327FF009268AAF0F00BC3BC2 /* JJBaseNavigationView.swift in Sources */,
				327FF011268AEE6200BC3BC2 /* API.swift in Sources */,
				325757492695B9070049177C /* JJJsonViewController.swift in Sources */,
				322B64F82698176800FDA10B /* JJObjectMapperViewController.swift in Sources */,
				327FF015268AEE9100BC3BC2 /* MoyaConfig.swift in Sources */,
				327FF0032689F5A000BC3BC2 /* JJBaseViewController.swift in Sources */,
				32FC6156265B555C00A99A1F /* JJTabBarController.swift in Sources */,
				327FF01D268B4BC900BC3BC2 /* APIUser.swift in Sources */,
				327FF00B268AB38C00BC3BC2 /* JJAppConfig.swift in Sources */,
				32FC6158265B558100A99A1F /* JJNavigationController.swift in Sources */,
				327FF0052689F61400BC3BC2 /* JJLetCodeViewController.swift in Sources */,
				327FF01F268B4BD700BC3BC2 /* APIShops.swift in Sources */,
				327FF013268AEE7600BC3BC2 /* NetworkManager.swift in Sources */,
				32FC615E2666239000A99A1F /* JJMineViewController.swift in Sources */,
				32FC615B265B559F00A99A1F /* JJHomeViewController.swift in Sources */,
			);
			runOnlyForDeploymentPostprocessing = 0;
		};
/* End PBXSourcesBuildPhase section */

/* Begin PBXVariantGroup section */
		7D4F07D924FFEA0300AA0425 /* Main.storyboard */ = {
			isa = PBXVariantGroup;
			children = (
				7D4F07DA24FFEA0300AA0425 /* Base */,
			);
			name = Main.storyboard;
			sourceTree = "<group>";
		};
		7D4F07DE24FFEA0500AA0425 /* LaunchScreen.storyboard */ = {
			isa = PBXVariantGroup;
			children = (
				7D4F07DF24FFEA0500AA0425 /* Base */,
			);
			name = LaunchScreen.storyboard;
			sourceTree = "<group>";
		};
/* End PBXVariantGroup section */

/* Begin XCBuildConfiguration section */
		7D4F07E224FFEA0500AA0425 /* Debug */ = {
			isa = XCBuildConfiguration;
			buildSettings = {
				ALWAYS_SEARCH_USER_PATHS = NO;
				CLANG_ANALYZER_NONNULL = YES;
				CLANG_ANALYZER_NUMBER_OBJECT_CONVERSION = YES_AGGRESSIVE;
				CLANG_CXX_LANGUAGE_STANDARD = "gnu++14";
				CLANG_CXX_LIBRARY = "libc++";
				CLANG_ENABLE_MODULES = YES;
				CLANG_ENABLE_OBJC_ARC = YES;
				CLANG_ENABLE_OBJC_WEAK = YES;
				CLANG_WARN_BLOCK_CAPTURE_AUTORELEASING = YES;
				CLANG_WARN_BOOL_CONVERSION = YES;
				CLANG_WARN_COMMA = YES;
				CLANG_WARN_CONSTANT_CONVERSION = YES;
				CLANG_WARN_DEPRECATED_OBJC_IMPLEMENTATIONS = YES;
				CLANG_WARN_DIRECT_OBJC_ISA_USAGE = YES_ERROR;
				CLANG_WARN_DOCUMENTATION_COMMENTS = YES;
				CLANG_WARN_EMPTY_BODY = YES;
				CLANG_WARN_ENUM_CONVERSION = YES;
				CLANG_WARN_INFINITE_RECURSION = YES;
				CLANG_WARN_INT_CONVERSION = YES;
				CLANG_WARN_NON_LITERAL_NULL_CONVERSION = YES;
				CLANG_WARN_OBJC_IMPLICIT_RETAIN_SELF = YES;
				CLANG_WARN_OBJC_LITERAL_CONVERSION = YES;
				CLANG_WARN_OBJC_ROOT_CLASS = YES_ERROR;
				CLANG_WARN_RANGE_LOOP_ANALYSIS = YES;
				CLANG_WARN_STRICT_PROTOTYPES = YES;
				CLANG_WARN_SUSPICIOUS_MOVE = YES;
				CLANG_WARN_UNGUARDED_AVAILABILITY = YES_AGGRESSIVE;
				CLANG_WARN_UNREACHABLE_CODE = YES;
				CLANG_WARN__DUPLICATE_METHOD_MATCH = YES;
				COPY_PHASE_STRIP = NO;
				DEBUG_INFORMATION_FORMAT = dwarf;
				ENABLE_STRICT_OBJC_MSGSEND = YES;
				ENABLE_TESTABILITY = YES;
				GCC_C_LANGUAGE_STANDARD = gnu11;
				GCC_DYNAMIC_NO_PIC = NO;
				GCC_NO_COMMON_BLOCKS = YES;
				GCC_OPTIMIZATION_LEVEL = 0;
				GCC_PREPROCESSOR_DEFINITIONS = (
					"DEBUG=1",
					"$(inherited)",
				);
				GCC_WARN_64_TO_32_BIT_CONVERSION = YES;
				GCC_WARN_ABOUT_RETURN_TYPE = YES_ERROR;
				GCC_WARN_UNDECLARED_SELECTOR = YES;
				GCC_WARN_UNINITIALIZED_AUTOS = YES_AGGRESSIVE;
				GCC_WARN_UNUSED_FUNCTION = YES;
				GCC_WARN_UNUSED_VARIABLE = YES;
				IPHONEOS_DEPLOYMENT_TARGET = 10.0;
				MTL_ENABLE_DEBUG_INFO = INCLUDE_SOURCE;
				MTL_FAST_MATH = YES;
				ONLY_ACTIVE_ARCH = YES;
				SDKROOT = iphoneos;
				SWIFT_ACTIVE_COMPILATION_CONDITIONS = DEBUG;
				SWIFT_OPTIMIZATION_LEVEL = "-Onone";
			};
			name = Debug;
		};
		7D4F07E324FFEA0500AA0425 /* Release */ = {
			isa = XCBuildConfiguration;
			buildSettings = {
				ALWAYS_SEARCH_USER_PATHS = NO;
				CLANG_ANALYZER_NONNULL = YES;
				CLANG_ANALYZER_NUMBER_OBJECT_CONVERSION = YES_AGGRESSIVE;
				CLANG_CXX_LANGUAGE_STANDARD = "gnu++14";
				CLANG_CXX_LIBRARY = "libc++";
				CLANG_ENABLE_MODULES = YES;
				CLANG_ENABLE_OBJC_ARC = YES;
				CLANG_ENABLE_OBJC_WEAK = YES;
				CLANG_WARN_BLOCK_CAPTURE_AUTORELEASING = YES;
				CLANG_WARN_BOOL_CONVERSION = YES;
				CLANG_WARN_COMMA = YES;
				CLANG_WARN_CONSTANT_CONVERSION = YES;
				CLANG_WARN_DEPRECATED_OBJC_IMPLEMENTATIONS = YES;
				CLANG_WARN_DIRECT_OBJC_ISA_USAGE = YES_ERROR;
				CLANG_WARN_DOCUMENTATION_COMMENTS = YES;
				CLANG_WARN_EMPTY_BODY = YES;
				CLANG_WARN_ENUM_CONVERSION = YES;
				CLANG_WARN_INFINITE_RECURSION = YES;
				CLANG_WARN_INT_CONVERSION = YES;
				CLANG_WARN_NON_LITERAL_NULL_CONVERSION = YES;
				CLANG_WARN_OBJC_IMPLICIT_RETAIN_SELF = YES;
				CLANG_WARN_OBJC_LITERAL_CONVERSION = YES;
				CLANG_WARN_OBJC_ROOT_CLASS = YES_ERROR;
				CLANG_WARN_RANGE_LOOP_ANALYSIS = YES;
				CLANG_WARN_STRICT_PROTOTYPES = YES;
				CLANG_WARN_SUSPICIOUS_MOVE = YES;
				CLANG_WARN_UNGUARDED_AVAILABILITY = YES_AGGRESSIVE;
				CLANG_WARN_UNREACHABLE_CODE = YES;
				CLANG_WARN__DUPLICATE_METHOD_MATCH = YES;
				COPY_PHASE_STRIP = NO;
				DEBUG_INFORMATION_FORMAT = "dwarf-with-dsym";
				ENABLE_NS_ASSERTIONS = NO;
				ENABLE_STRICT_OBJC_MSGSEND = YES;
				GCC_C_LANGUAGE_STANDARD = gnu11;
				GCC_NO_COMMON_BLOCKS = YES;
				GCC_WARN_64_TO_32_BIT_CONVERSION = YES;
				GCC_WARN_ABOUT_RETURN_TYPE = YES_ERROR;
				GCC_WARN_UNDECLARED_SELECTOR = YES;
				GCC_WARN_UNINITIALIZED_AUTOS = YES_AGGRESSIVE;
				GCC_WARN_UNUSED_FUNCTION = YES;
				GCC_WARN_UNUSED_VARIABLE = YES;
				IPHONEOS_DEPLOYMENT_TARGET = 10.0;
				MTL_ENABLE_DEBUG_INFO = NO;
				MTL_FAST_MATH = YES;
				SDKROOT = iphoneos;
				SWIFT_COMPILATION_MODE = wholemodule;
				SWIFT_OPTIMIZATION_LEVEL = "-O";
				VALIDATE_PRODUCT = YES;
			};
			name = Release;
		};
		7D4F07E524FFEA0500AA0425 /* Debug */ = {
			isa = XCBuildConfiguration;
			baseConfigurationReference = C52F5E1B2E4934EF3E0FC225 /* Pods-SwiftTools.debug.xcconfig */;
			buildSettings = {
				ASSETCATALOG_COMPILER_APPICON_NAME = AppIcon;
				CLANG_ENABLE_MODULES = YES;
				CODE_SIGN_STYLE = Automatic;
				DEVELOPMENT_TEAM = 6Y6DL4AM34;
				INFOPLIST_FILE = SwiftTools/Info.plist;
				LD_RUNPATH_SEARCH_PATHS = (
					"$(inherited)",
					"@executable_path/Frameworks",
				);
				PRODUCT_BUNDLE_IDENTIFIER = com.xuanhe.SwiftTools;
				PRODUCT_NAME = "$(TARGET_NAME)";
				SWIFT_OBJC_BRIDGING_HEADER = "SwiftTools/SwiftTools-Bridging-Header.h";
				SWIFT_OPTIMIZATION_LEVEL = "-Onone";
				SWIFT_VERSION = 5.0;
				TARGETED_DEVICE_FAMILY = "1,2";
			};
			name = Debug;
		};
		7D4F07E624FFEA0500AA0425 /* Release */ = {
			isa = XCBuildConfiguration;
			baseConfigurationReference = AB016B9BFA4577A5D6077C50 /* Pods-SwiftTools.release.xcconfig */;
			buildSettings = {
				ASSETCATALOG_COMPILER_APPICON_NAME = AppIcon;
				CLANG_ENABLE_MODULES = YES;
				CODE_SIGN_STYLE = Automatic;
				DEVELOPMENT_TEAM = 6Y6DL4AM34;
				INFOPLIST_FILE = SwiftTools/Info.plist;
				LD_RUNPATH_SEARCH_PATHS = (
					"$(inherited)",
					"@executable_path/Frameworks",
				);
				PRODUCT_BUNDLE_IDENTIFIER = com.xuanhe.SwiftTools;
				PRODUCT_NAME = "$(TARGET_NAME)";
				SWIFT_OBJC_BRIDGING_HEADER = "SwiftTools/SwiftTools-Bridging-Header.h";
				SWIFT_VERSION = 5.0;
				TARGETED_DEVICE_FAMILY = "1,2";
			};
			name = Release;
		};
/* End XCBuildConfiguration section */

/* Begin XCConfigurationList section */
		7D4F07CB24FFEA0300AA0425 /* Build configuration list for PBXProject "SwiftTools" */ = {
			isa = XCConfigurationList;
			buildConfigurations = (
				7D4F07E224FFEA0500AA0425 /* Debug */,
				7D4F07E324FFEA0500AA0425 /* Release */,
			);
			defaultConfigurationIsVisible = 0;
			defaultConfigurationName = Release;
		};
		7D4F07E424FFEA0500AA0425 /* Build configuration list for PBXNativeTarget "SwiftTools" */ = {
			isa = XCConfigurationList;
			buildConfigurations = (
				7D4F07E524FFEA0500AA0425 /* Debug */,
				7D4F07E624FFEA0500AA0425 /* Release */,
			);
			defaultConfigurationIsVisible = 0;
			defaultConfigurationName = Release;
		};
/* End XCConfigurationList section */
	};
	rootObject = 7D4F07C824FFEA0300AA0425 /* Project object */;
}
