// !$*UTF8*$!
{
	archiveVersion = 1;
	classes = {
	};
	objectVersion = 51;
	objects = {

/* Begin PBXBuildFile section */
		321CC6502576451000F48FD3 /* WebSocketManager.swift in Sources */ = {isa = PBXBuildFile; fileRef = 321CC64F2576451000F48FD3 /* WebSocketManager.swift */; };
		32FC6156265B555C00A99A1F /* JJTabBarController.swift in Sources */ = {isa = PBXBuildFile; fileRef = 32FC6155265B555C00A99A1F /* JJTabBarController.swift */; };
		32FC6158265B558100A99A1F /* JJNavigationController.swift in Sources */ = {isa = PBXBuildFile; fileRef = 32FC6157265B558100A99A1F /* JJNavigationController.swift */; };
		32FC615B265B559F00A99A1F /* JJHomeViewController.swift in Sources */ = {isa = PBXBuildFile; fileRef = 32FC615A265B559F00A99A1F /* JJHomeViewController.swift */; };
		32FC615E2666239000A99A1F /* JJMineViewController.swift in Sources */ = {isa = PBXBuildFile; fileRef = 32FC615D2666238F00A99A1F /* JJMineViewController.swift */; };
		618A054A830E9A58A9195033 /* Pods_SwiftTools.framework in Frameworks */ = {isa = PBXBuildFile; fileRef = 88EF2DE39FCDF4445F01C877 /* Pods_SwiftTools.framework */; };
		7D4F07D424FFEA0300AA0425 /* AppDelegate.swift in Sources */ = {isa = PBXBuildFile; fileRef = 7D4F07D324FFEA0300AA0425 /* AppDelegate.swift */; };
		7D4F07D824FFEA0300AA0425 /* ViewController.swift in Sources */ = {isa = PBXBuildFile; fileRef = 7D4F07D724FFEA0300AA0425 /* ViewController.swift */; };
		7D4F07DB24FFEA0300AA0425 /* Main.storyboard in Resources */ = {isa = PBXBuildFile; fileRef = 7D4F07D924FFEA0300AA0425 /* Main.storyboard */; };
		7D4F07DD24FFEA0500AA0425 /* Assets.xcassets in Resources */ = {isa = PBXBuildFile; fileRef = 7D4F07DC24FFEA0500AA0425 /* Assets.xcassets */; };
		7D4F07E024FFEA0500AA0425 /* LaunchScreen.storyboard in Resources */ = {isa = PBXBuildFile; fileRef = 7D4F07DE24FFEA0500AA0425 /* LaunchScreen.storyboard */; };
/* End PBXBuildFile section */

/* Begin PBXFileReference section */
		321CC64F2576451000F48FD3 /* WebSocketManager.swift */ = {isa = PBXFileReference; lastKnownFileType = sourcecode.swift; path = WebSocketManager.swift; sourceTree = "<group>"; };
		32FC6155265B555C00A99A1F /* JJTabBarController.swift */ = {isa = PBXFileReference; lastKnownFileType = sourcecode.swift; path = JJTabBarController.swift; sourceTree = "<group>"; };
		32FC6157265B558100A99A1F /* JJNavigationController.swift */ = {isa = PBXFileReference; lastKnownFileType = sourcecode.swift; path = JJNavigationController.swift; sourceTree = "<group>"; };
		32FC615A265B559F00A99A1F /* JJHomeViewController.swift */ = {isa = PBXFileReference; lastKnownFileType = sourcecode.swift; path = JJHomeViewController.swift; sourceTree = "<group>"; };
		32FC615D2666238F00A99A1F /* JJMineViewController.swift */ = {isa = PBXFileReference; lastKnownFileType = sourcecode.swift; path = JJMineViewController.swift; sourceTree = "<group>"; };
		7D4F07D024FFEA0300AA0425 /* SwiftTools.app */ = {isa = PBXFileReference; explicitFileType = wrapper.application; includeInIndex = 0; path = SwiftTools.app; sourceTree = BUILT_PRODUCTS_DIR; };
		7D4F07D324FFEA0300AA0425 /* AppDelegate.swift */ = {isa = PBXFileReference; lastKnownFileType = sourcecode.swift; path = AppDelegate.swift; sourceTree = "<group>"; };
		7D4F07D724FFEA0300AA0425 /* ViewController.swift */ = {isa = PBXFileReference; lastKnownFileType = sourcecode.swift; path = ViewController.swift; sourceTree = "<group>"; };
		7D4F07DA24FFEA0300AA0425 /* Base */ = {isa = PBXFileReference; lastKnownFileType = file.storyboard; name = Base; path = Base.lproj/Main.storyboard; sourceTree = "<group>"; };
		7D4F07DC24FFEA0500AA0425 /* Assets.xcassets */ = {isa = PBXFileReference; lastKnownFileType = folder.assetcatalog; path = Assets.xcassets; sourceTree = "<group>"; };
		7D4F07DF24FFEA0500AA0425 /* Base */ = {isa = PBXFileReference; lastKnownFileType = file.storyboard; name = Base; path = Base.lproj/LaunchScreen.storyboard; sourceTree = "<group>"; };
		7D4F07E124FFEA0500AA0425 /* Info.plist */ = {isa = PBXFileReference; lastKnownFileType = text.plist.xml; path = Info.plist; sourceTree = "<group>"; };
		88EF2DE39FCDF4445F01C877 /* Pods_SwiftTools.framework */ = {isa = PBXFileReference; explicitFileType = wrapper.framework; includeInIndex = 0; path = Pods_SwiftTools.framework; sourceTree = BUILT_PRODUCTS_DIR; };
		AB016B9BFA4577A5D6077C50 /* Pods-SwiftTools.release.xcconfig */ = {isa = PBXFileReference; includeInIndex = 1; lastKnownFileType = text.xcconfig; name = "Pods-SwiftTools.release.xcconfig"; path = "Target Support Files/Pods-SwiftTools/Pods-SwiftTools.release.xcconfig"; sourceTree = "<group>"; };
		C52F5E1B2E4934EF3E0FC225 /* Pods-SwiftTools.debug.xcconfig */ = {isa = PBXFileReference; includeInIndex = 1; lastKnownFileType = text.xcconfig; name = "Pods-SwiftTools.debug.xcconfig"; path = "Target Support Files/Pods-SwiftTools/Pods-SwiftTools.debug.xcconfig"; sourceTree = "<group>"; };
/* End PBXFileReference section */

/* Begin PBXFrameworksBuildPhase section */
		7D4F07CD24FFEA0300AA0425 /* Frameworks */ = {
			isa = PBXFrameworksBuildPhase;
			buildActionMask = 2147483647;
			files = (
				618A054A830E9A58A9195033 /* Pods_SwiftTools.framework in Frameworks */,
			);
			runOnlyForDeploymentPostprocessing = 0;
		};
/* End PBXFrameworksBuildPhase section */

/* Begin PBXGroup section */
		32FC6154265B54C700A99A1F /* Main */ = {
			isa = PBXGroup;
			children = (
				32FC6155265B555C00A99A1F /* JJTabBarController.swift */,
				32FC6157265B558100A99A1F /* JJNavigationController.swift */,
			);
			path = Main;
			sourceTree = "<group>";
		};
		32FC6159265B558B00A99A1F /* Home */ = {
			isa = PBXGroup;
			children = (
				32FC615A265B559F00A99A1F /* JJHomeViewController.swift */,
			);
			path = Home;
			sourceTree = "<group>";
		};
		32FC615C2666237B00A99A1F /* Mine */ = {
			isa = PBXGroup;
			children = (
				32FC615D2666238F00A99A1F /* JJMineViewController.swift */,
			);
			path = Mine;
			sourceTree = "<group>";
		};
		7D4F07C724FFEA0300AA0425 = {
			isa = PBXGroup;
			children = (
				7D4F07D224FFEA0300AA0425 /* SwiftTools */,
				7D4F07D124FFEA0300AA0425 /* Products */,
				D3F35028B484E2FABD81B1B4 /* Pods */,
				8921234598B2803F57635CD9 /* Frameworks */,
			);
			sourceTree = "<group>";
		};
		7D4F07D124FFEA0300AA0425 /* Products */ = {
			isa = PBXGroup;
			children = (
				7D4F07D024FFEA0300AA0425 /* SwiftTools.app */,
			);
			name = Products;
			sourceTree = "<group>";
		};
		7D4F07D224FFEA0300AA0425 /* SwiftTools */ = {
			isa = PBXGroup;
			children = (
				7D4F07D324FFEA0300AA0425 /* AppDelegate.swift */,
				7D4F07D724FFEA0300AA0425 /* ViewController.swift */,
				7D4F090B24FFF6BD00AA0425 /* Class */,
				7D4F090D24FFF6D500AA0425 /* Third */,
				7D4F090C24FFF6C900AA0425 /* Public */,
				7D4F07D924FFEA0300AA0425 /* Main.storyboard */,
				7D4F07DC24FFEA0500AA0425 /* Assets.xcassets */,
				7D4F07DE24FFEA0500AA0425 /* LaunchScreen.storyboard */,
				7D4F07E124FFEA0500AA0425 /* Info.plist */,
			);
			path = SwiftTools;
			sourceTree = "<group>";
		};
		7D4F090B24FFF6BD00AA0425 /* Class */ = {
			isa = PBXGroup;
			children = (
				32FC615C2666237B00A99A1F /* Mine */,
				32FC6159265B558B00A99A1F /* Home */,
				32FC6154265B54C700A99A1F /* Main */,
				321CC64F2576451000F48FD3 /* WebSocketManager.swift */,
			);
			path = Class;
			sourceTree = "<group>";
		};
		7D4F090C24FFF6C900AA0425 /* Public */ = {
			isa = PBXGroup;
			children = (
				7D4F090E24FFF6E300AA0425 /* Catgrory */,
			);
			path = Public;
			sourceTree = "<group>";
		};
		7D4F090D24FFF6D500AA0425 /* Third */ = {
			isa = PBXGroup;
			children = (
			);
			path = Third;
			sourceTree = "<group>";
		};
		7D4F090E24FFF6E300AA0425 /* Catgrory */ = {
			isa = PBXGroup;
			children = (
			);
			path = Catgrory;
			sourceTree = "<group>";
		};
		8921234598B2803F57635CD9 /* Frameworks */ = {
			isa = PBXGroup;
			children = (
				88EF2DE39FCDF4445F01C877 /* Pods_SwiftTools.framework */,
			);
			name = Frameworks;
			sourceTree = "<group>";
		};
		D3F35028B484E2FABD81B1B4 /* Pods */ = {
			isa = PBXGroup;
			children = (
				C52F5E1B2E4934EF3E0FC225 /* Pods-SwiftTools.debug.xcconfig */,
				AB016B9BFA4577A5D6077C50 /* Pods-SwiftTools.release.xcconfig */,
			);
			path = Pods;
			sourceTree = "<group>";
		};
/* End PBXGroup section */

/* Begin PBXNativeTarget section */
		7D4F07CF24FFEA0300AA0425 /* SwiftTools */ = {
			isa = PBXNativeTarget;
			buildConfigurationList = 7D4F07E424FFEA0500AA0425 /* Build configuration list for PBXNativeTarget "SwiftTools" */;
			buildPhases = (
				76B46C64167EB156796DB38D /* [CP] Check Pods Manifest.lock */,
				7D4F07CC24FFEA0300AA0425 /* Sources */,
				7D4F07CD24FFEA0300AA0425 /* Frameworks */,
				7D4F07CE24FFEA0300AA0425 /* Resources */,
				3C908DE94D878F1FC4F3455F /* [CP] Embed Pods Frameworks */,
			);
			buildRules = (
			);
			dependencies = (
			);
			name = SwiftTools;
			productName = SwiftTools;
			productReference = 7D4F07D024FFEA0300AA0425 /* SwiftTools.app */;
			productType = "com.apple.product-type.application";
		};
/* End PBXNativeTarget section */

/* Begin PBXProject section */
		7D4F07C824FFEA0300AA0425 /* Project object */ = {
			isa = PBXProject;
			attributes = {
				LastSwiftUpdateCheck = 1160;
				LastUpgradeCheck = 1160;
				ORGANIZATIONNAME = xuanhe;
				TargetAttributes = {
					7D4F07CF24FFEA0300AA0425 = {
						CreatedOnToolsVersion = 11.6;
					};
				};
			};
			buildConfigurationList = 7D4F07CB24FFEA0300AA0425 /* Build configuration list for PBXProject "SwiftTools" */;
			compatibilityVersion = "Xcode 9.3";
			developmentRegion = en;
			hasScannedForEncodings = 0;
			knownRegions = (
				en,
				Base,
			);
			mainGroup = 7D4F07C724FFEA0300AA0425;
			productRefGroup = 7D4F07D124FFEA0300AA0425 /* Products */;
			projectDirPath = "";
			projectRoot = "";
			targets = (
				7D4F07CF24FFEA0300AA0425 /* SwiftTools */,
			);
		};
/* End PBXProject section */

/* Begin PBXResourcesBuildPhase section */
		7D4F07CE24FFEA0300AA0425 /* Resources */ = {
			isa = PBXResourcesBuildPhase;
			buildActionMask = 2147483647;
			files = (
				7D4F07E024FFEA0500AA0425 /* LaunchScreen.storyboard in Resources */,
				7D4F07DD24FFEA0500AA0425 /* Assets.xcassets in Resources */,
				7D4F07DB24FFEA0300AA0425 /* Main.storyboard in Resources */,
			);
			runOnlyForDeploymentPostprocessing = 0;
		};
/* End PBXResourcesBuildPhase section */

/* Begin PBXShellScriptBuildPhase section */
		3C908DE94D878F1FC4F3455F /* [CP] Embed Pods Frameworks */ = {
			isa = PBXShellScriptBuildPhase;
			buildActionMask = 2147483647;
			files = (
			);
			inputFileListPaths = (
				"${PODS_ROOT}/Target Support Files/Pods-SwiftTools/Pods-SwiftTools-frameworks-${CONFIGURATION}-input-files.xcfilelist",
			);
			name = "[CP] Embed Pods Frameworks";
			outputFileListPaths = (
				"${PODS_ROOT}/Target Support Files/Pods-SwiftTools/Pods-SwiftTools-frameworks-${CONFIGURATION}-output-files.xcfilelist",
			);
			runOnlyForDeploymentPostprocessing = 0;
			shellPath = /bin/sh;
			shellScript = "\"${PODS_ROOT}/Target Support Files/Pods-SwiftTools/Pods-SwiftTools-frameworks.sh\"\n";
			showEnvVarsInLog = 0;
		};
		76B46C64167EB156796DB38D /* [CP] Check Pods Manifest.lock */ = {
			isa = PBXShellScriptBuildPhase;
			buildActionMask = 2147483647;
			files = (
			);
			inputFileListPaths = (
			);
			inputPaths = (
				"${PODS_PODFILE_DIR_PATH}/Podfile.lock",
				"${PODS_ROOT}/Manifest.lock",
			);
			name = "[CP] Check Pods Manifest.lock";
			outputFileListPaths = (
			);
			outputPaths = (
				"$(DERIVED_FILE_DIR)/Pods-SwiftTools-checkManifestLockResult.txt",
			);
			runOnlyForDeploymentPostprocessing = 0;
			shellPath = /bin/sh;
			shellScript = "diff \"${PODS_PODFILE_DIR_PATH}/Podfile.lock\" \"${PODS_ROOT}/Manifest.lock\" > /dev/null\nif [ $? != 0 ] ; then\n    # print error to STDERR\n    echo \"error: The sandbox is not in sync with the Podfile.lock. Run 'pod install' or update your CocoaPods installation.\" >&2\n    exit 1\nfi\n# This output is used by Xcode 'outputs' to avoid re-running this script phase.\necho \"SUCCESS\" > \"${SCRIPT_OUTPUT_FILE_0}\"\n";
			showEnvVarsInLog = 0;
		};
/* End PBXShellScriptBuildPhase section */

/* Begin PBXSourcesBuildPhase section */
		7D4F07CC24FFEA0300AA0425 /* Sources */ = {
			isa = PBXSourcesBuildPhase;
			buildActionMask = 2147483647;
			files = (
				7D4F07D824FFEA0300AA0425 /* ViewController.swift in Sources */,
				7D4F07D424FFEA0300AA0425 /* AppDelegate.swift in Sources */,
				321CC6502576451000F48FD3 /* WebSocketManager.swift in Sources */,
				32FC6156265B555C00A99A1F /* JJTabBarController.swift in Sources */,
				32FC6158265B558100A99A1F /* JJNavigationController.swift in Sources */,
				32FC615E2666239000A99A1F /* JJMineViewController.swift in Sources */,
				32FC615B265B559F00A99A1F /* JJHomeViewController.swift in Sources */,
			);
			runOnlyForDeploymentPostprocessing = 0;
		};
/* End PBXSourcesBuildPhase section */

/* Begin PBXVariantGroup section */
		7D4F07D924FFEA0300AA0425 /* Main.storyboard */ = {
			isa = PBXVariantGroup;
			children = (
				7D4F07DA24FFEA0300AA0425 /* Base */,
			);
			name = Main.storyboard;
			sourceTree = "<group>";
		};
		7D4F07DE24FFEA0500AA0425 /* LaunchScreen.storyboard */ = {
			isa = PBXVariantGroup;
			children = (
				7D4F07DF24FFEA0500AA0425 /* Base */,
			);
			name = LaunchScreen.storyboard;
			sourceTree = "<group>";
		};
/* End PBXVariantGroup section */

/* Begin XCBuildConfiguration section */
		7D4F07E224FFEA0500AA0425 /* Debug */ = {
			isa = XCBuildConfiguration;
			buildSettings = {
				ALWAYS_SEARCH_USER_PATHS = NO;
				CLANG_ANALYZER_NONNULL = YES;
				CLANG_ANALYZER_NUMBER_OBJECT_CONVERSION = YES_AGGRESSIVE;
				CLANG_CXX_LANGUAGE_STANDARD = "gnu++14";
				CLANG_CXX_LIBRARY = "libc++";
				CLANG_ENABLE_MODULES = YES;
				CLANG_ENABLE_OBJC_ARC = YES;
				CLANG_ENABLE_OBJC_WEAK = YES;
				CLANG_WARN_BLOCK_CAPTURE_AUTORELEASING = YES;
				CLANG_WARN_BOOL_CONVERSION = YES;
				CLANG_WARN_COMMA = YES;
				CLANG_WARN_CONSTANT_CONVERSION = YES;
				CLANG_WARN_DEPRECATED_OBJC_IMPLEMENTATIONS = YES;
				CLANG_WARN_DIRECT_OBJC_ISA_USAGE = YES_ERROR;
				CLANG_WARN_DOCUMENTATION_COMMENTS = YES;
				CLANG_WARN_EMPTY_BODY = YES;
				CLANG_WARN_ENUM_CONVERSION = YES;
				CLANG_WARN_INFINITE_RECURSION = YES;
				CLANG_WARN_INT_CONVERSION = YES;
				CLANG_WARN_NON_LITERAL_NULL_CONVERSION = YES;
				CLANG_WARN_OBJC_IMPLICIT_RETAIN_SELF = YES;
				CLANG_WARN_OBJC_LITERAL_CONVERSION = YES;
				CLANG_WARN_OBJC_ROOT_CLASS = YES_ERROR;
				CLANG_WARN_RANGE_LOOP_ANALYSIS = YES;
				CLANG_WARN_STRICT_PROTOTYPES = YES;
				CLANG_WARN_SUSPICIOUS_MOVE = YES;
				CLANG_WARN_UNGUARDED_AVAILABILITY = YES_AGGRESSIVE;
				CLANG_WARN_UNREACHABLE_CODE = YES;
				CLANG_WARN__DUPLICATE_METHOD_MATCH = YES;
				COPY_PHASE_STRIP = NO;
				DEBUG_INFORMATION_FORMAT = dwarf;
				ENABLE_STRICT_OBJC_MSGSEND = YES;
				ENABLE_TESTABILITY = YES;
				GCC_C_LANGUAGE_STANDARD = gnu11;
				GCC_DYNAMIC_NO_PIC = NO;
				GCC_NO_COMMON_BLOCKS = YES;
				GCC_OPTIMIZATION_LEVEL = 0;
				GCC_PREPROCESSOR_DEFINITIONS = (
					"DEBUG=1",
					"$(inherited)",
				);
				GCC_WARN_64_TO_32_BIT_CONVERSION = YES;
				GCC_WARN_ABOUT_RETURN_TYPE = YES_ERROR;
				GCC_WARN_UNDECLARED_SELECTOR = YES;
				GCC_WARN_UNINITIALIZED_AUTOS = YES_AGGRESSIVE;
				GCC_WARN_UNUSED_FUNCTION = YES;
				GCC_WARN_UNUSED_VARIABLE = YES;
				IPHONEOS_DEPLOYMENT_TARGET = 13.6;
				MTL_ENABLE_DEBUG_INFO = INCLUDE_SOURCE;
				MTL_FAST_MATH = YES;
				ONLY_ACTIVE_ARCH = YES;
				SDKROOT = iphoneos;
				SWIFT_ACTIVE_COMPILATION_CONDITIONS = DEBUG;
				SWIFT_OPTIMIZATION_LEVEL = "-Onone";
			};
			name = Debug;
		};
		7D4F07E324FFEA0500AA0425 /* Release */ = {
			isa = XCBuildConfiguration;
			buildSettings = {
				ALWAYS_SEARCH_USER_PATHS = NO;
				CLANG_ANALYZER_NONNULL = YES;
				CLANG_ANALYZER_NUMBER_OBJECT_CONVERSION = YES_AGGRESSIVE;
				CLANG_CXX_LANGUAGE_STANDARD = "gnu++14";
				CLANG_CXX_LIBRARY = "libc++";
				CLANG_ENABLE_MODULES = YES;
				CLANG_ENABLE_OBJC_ARC = YES;
				CLANG_ENABLE_OBJC_WEAK = YES;
				CLANG_WARN_BLOCK_CAPTURE_AUTORELEASING = YES;
				CLANG_WARN_BOOL_CONVERSION = YES;
				CLANG_WARN_COMMA = YES;
				CLANG_WARN_CONSTANT_CONVERSION = YES;
				CLANG_WARN_DEPRECATED_OBJC_IMPLEMENTATIONS = YES;
				CLANG_WARN_DIRECT_OBJC_ISA_USAGE = YES_ERROR;
				CLANG_WARN_DOCUMENTATION_COMMENTS = YES;
				CLANG_WARN_EMPTY_BODY = YES;
				CLANG_WARN_ENUM_CONVERSION = YES;
				CLANG_WARN_INFINITE_RECURSION = YES;
				CLANG_WARN_INT_CONVERSION = YES;
				CLANG_WARN_NON_LITERAL_NULL_CONVERSION = YES;
				CLANG_WARN_OBJC_IMPLICIT_RETAIN_SELF = YES;
				CLANG_WARN_OBJC_LITERAL_CONVERSION = YES;
				CLANG_WARN_OBJC_ROOT_CLASS = YES_ERROR;
				CLANG_WARN_RANGE_LOOP_ANALYSIS = YES;
				CLANG_WARN_STRICT_PROTOTYPES = YES;
				CLANG_WARN_SUSPICIOUS_MOVE = YES;
				CLANG_WARN_UNGUARDED_AVAILABILITY = YES_AGGRESSIVE;
				CLANG_WARN_UNREACHABLE_CODE = YES;
				CLANG_WARN__DUPLICATE_METHOD_MATCH = YES;
				COPY_PHASE_STRIP = NO;
				DEBUG_INFORMATION_FORMAT = "dwarf-with-dsym";
				ENABLE_NS_ASSERTIONS = NO;
				ENABLE_STRICT_OBJC_MSGSEND = YES;
				GCC_C_LANGUAGE_STANDARD = gnu11;
				GCC_NO_COMMON_BLOCKS = YES;
				GCC_WARN_64_TO_32_BIT_CONVERSION = YES;
				GCC_WARN_ABOUT_RETURN_TYPE = YES_ERROR;
				GCC_WARN_UNDECLARED_SELECTOR = YES;
				GCC_WARN_UNINITIALIZED_AUTOS = YES_AGGRESSIVE;
				GCC_WARN_UNUSED_FUNCTION = YES;
				GCC_WARN_UNUSED_VARIABLE = YES;
				IPHONEOS_DEPLOYMENT_TARGET = 13.6;
				MTL_ENABLE_DEBUG_INFO = NO;
				MTL_FAST_MATH = YES;
				SDKROOT = iphoneos;
				SWIFT_COMPILATION_MODE = wholemodule;
				SWIFT_OPTIMIZATION_LEVEL = "-O";
				VALIDATE_PRODUCT = YES;
			};
			name = Release;
		};
		7D4F07E524FFEA0500AA0425 /* Debug */ = {
			isa = XCBuildConfiguration;
			baseConfigurationReference = C52F5E1B2E4934EF3E0FC225 /* Pods-SwiftTools.debug.xcconfig */;
			buildSettings = {
				ASSETCATALOG_COMPILER_APPICON_NAME = AppIcon;
				CODE_SIGN_STYLE = Automatic;
				DEVELOPMENT_TEAM = 4K963G24NF;
				INFOPLIST_FILE = SwiftTools/Info.plist;
				LD_RUNPATH_SEARCH_PATHS = (
					"$(inherited)",
					"@executable_path/Frameworks",
				);
				PRODUCT_BUNDLE_IDENTIFIER = com.xuanhe.SwiftTools;
				PRODUCT_NAME = "$(TARGET_NAME)";
				SWIFT_VERSION = 5.0;
				TARGETED_DEVICE_FAMILY = "1,2";
			};
			name = Debug;
		};
		7D4F07E624FFEA0500AA0425 /* Release */ = {
			isa = XCBuildConfiguration;
			baseConfigurationReference = AB016B9BFA4577A5D6077C50 /* Pods-SwiftTools.release.xcconfig */;
			buildSettings = {
				ASSETCATALOG_COMPILER_APPICON_NAME = AppIcon;
				CODE_SIGN_STYLE = Automatic;
				DEVELOPMENT_TEAM = 4K963G24NF;
				INFOPLIST_FILE = SwiftTools/Info.plist;
				LD_RUNPATH_SEARCH_PATHS = (
					"$(inherited)",
					"@executable_path/Frameworks",
				);
				PRODUCT_BUNDLE_IDENTIFIER = com.xuanhe.SwiftTools;
				PRODUCT_NAME = "$(TARGET_NAME)";
				SWIFT_VERSION = 5.0;
				TARGETED_DEVICE_FAMILY = "1,2";
			};
			name = Release;
		};
/* End XCBuildConfiguration section */

/* Begin XCConfigurationList section */
		7D4F07CB24FFEA0300AA0425 /* Build configuration list for PBXProject "SwiftTools" */ = {
			isa = XCConfigurationList;
			buildConfigurations = (
				7D4F07E224FFEA0500AA0425 /* Debug */,
				7D4F07E324FFEA0500AA0425 /* Release */,
			);
			defaultConfigurationIsVisible = 0;
			defaultConfigurationName = Release;
		};
		7D4F07E424FFEA0500AA0425 /* Build configuration list for PBXNativeTarget "SwiftTools" */ = {
			isa = XCConfigurationList;
			buildConfigurations = (
				7D4F07E524FFEA0500AA0425 /* Debug */,
				7D4F07E624FFEA0500AA0425 /* Release */,
			);
			defaultConfigurationIsVisible = 0;
			defaultConfigurationName = Release;
		};
/* End XCConfigurationList section */
	};
	rootObject = 7D4F07C824FFEA0300AA0425 /* Project object */;
}
